# This file is automatically @generated by Cargo.
# It is not intended for manual editing.
version = 4

[[package]]
name = "day4"
version = "0.1.0"
dependencies = [
 "md5",
]

[[package]]
name = "md5"
version = "0.0.1"
source = "git+https://github.com/julianorchard/md5-rust#af35da177b963f90a28167ba6a872a3aaf90aadc"
